
Microsoft Visual Studio Solution File, Format Version 12.00
# Visual Studio Version 17
VisualStudioVersion = 17.11.35327.3
MinimumVisualStudioVersion = 10.0.40219.1
Project("{FAE04EC0-301F-11D3-BF4B-00C04F79EFBC}") = "EntityframeworkCoreDemo", "EntityframeworkCoreDemo\EntityframeworkCoreDemo.csproj", "{4E7ED01A-9172-4D8B-BDDB-313276E88EDD}"
EndProject
Global
	GlobalSection(SolutionConfigurationPlatforms) = preSolution
		Debug|Any CPU = Debug|Any CPU
		Release|Any CPU = Release|Any CPU
	EndGlobalSection
	GlobalSection(ProjectConfigurationPlatforms) = postSolution
		{4E7ED01A-9172-4D8B-BDDB-313276E88EDD}.Debug|Any CPU.ActiveCfg = Debug|Any CPU
		{4E7ED01A-9172-4D8B-BDDB-313276E88EDD}.Debug|Any CPU.Build.0 = Debug|Any CPU
		{4E7ED01A-9172-4D8B-BDDB-313276E88EDD}.Release|Any CPU.ActiveCfg = Release|Any CPU
		{4E7ED01A-9172-4D8B-BDDB-313276E88EDD}.Release|Any CPU.Build.0 = Release|Any CPU
	EndGlobalSection
	GlobalSection(SolutionProperties) = preSolution
		HideSolutionNode = FALSE
	EndGlobalSection
	GlobalSection(ExtensibilityGlobals) = postSolution
		SolutionGuid = {CCC7F991-0B21-4132-9F56-30130D32CC43}
	EndGlobalSection
EndGlobal
